
Microsoft Visual Studio Solution File, Format Version 12.00
# Visual Studio 15
VisualStudioVersion = 15.0.28307.168
MinimumVisualStudioVersion = 10.0.40219.1
Project("{FAE04EC0-301F-11D3-BF4B-00C04F79EFBC}") = "MessagingCenter.Android", "MessagingCenter\MessagingCenter.Android\MessagingCenter.Android.csproj", "{42DBC2F4-9773-4B85-B5FA-3711F8E12AA6}"
EndProject
Project("{FAE04EC0-301F-11D3-BF4B-00C04F79EFBC}") = "MessagingCenter.iOS", "MessagingCenter\MessagingCenter.iOS\MessagingCenter.iOS.csproj", "{8D94C01E-A5F6-441A-95ED-5B9890C82355}"
EndProject
Project("{FAE04EC0-301F-11D3-BF4B-00C04F79EFBC}") = "MessagingCenter.UWP", "MessagingCenter\MessagingCenter.UWP\MessagingCenter.UWP.csproj", "{F247DAFD-36DE-4696-ACA0-40BBFC40C657}"
EndProject
Project("{FAE04EC0-301F-11D3-BF4B-00C04F79EFBC}") = "MessagingCenter", "MessagingCenter\MessagingCenter\MessagingCenter.csproj", "{2F6942CD-115C-405E-AA98-815582345B50}"
EndProject
Global
	GlobalSection(SolutionConfigurationPlatforms) = preSolution
		Ad-Hoc|Any CPU = Ad-Hoc|Any CPU
		Ad-Hoc|ARM = Ad-Hoc|ARM
		Ad-Hoc|iPhone = Ad-Hoc|iPhone
		Ad-Hoc|iPhoneSimulator = Ad-Hoc|iPhoneSimulator
		Ad-Hoc|x64 = Ad-Hoc|x64
		Ad-Hoc|x86 = Ad-Hoc|x86
		AppStore|Any CPU = AppStore|Any CPU
		AppStore|ARM = AppStore|ARM
		AppStore|iPhone = AppStore|iPhone
		AppStore|iPhoneSimulator = AppStore|iPhoneSimulator
		AppStore|x64 = AppStore|x64
		AppStore|x86 = AppStore|x86
		Debug|Any CPU = Debug|Any CPU
		Debug|ARM = Debug|ARM
		Debug|iPhone = Debug|iPhone
		Debug|iPhoneSimulator = Debug|iPhoneSimulator
		Debug|x64 = Debug|x64
		Debug|x86 = Debug|x86
		Release|Any CPU = Release|Any CPU
		Release|ARM = Release|ARM
		Release|iPhone = Release|iPhone
		Release|iPhoneSimulator = Release|iPhoneSimulator
		Release|x64 = Release|x64
		Release|x86 = Release|x86
	EndGlobalSection
	GlobalSection(ProjectConfigurationPlatforms) = postSolution
		{42DBC2F4-9773-4B85-B5FA-3711F8E12AA6}.Ad-Hoc|Any CPU.ActiveCfg = Release|Any CPU
		{42DBC2F4-9773-4B85-B5FA-3711F8E12AA6}.Ad-Hoc|Any CPU.Build.0 = Release|Any CPU
		{42DBC2F4-9773-4B85-B5FA-3711F8E12AA6}.Ad-Hoc|Any CPU.Deploy.0 = Release|Any CPU
		{42DBC2F4-9773-4B85-B5FA-3711F8E12AA6}.Ad-Hoc|ARM.ActiveCfg = Release|Any CPU
		{42DBC2F4-9773-4B85-B5FA-3711F8E12AA6}.Ad-Hoc|ARM.Build.0 = Release|Any CPU
		{42DBC2F4-9773-4B85-B5FA-3711F8E12AA6}.Ad-Hoc|ARM.Deploy.0 = Release|Any CPU
		{42DBC2F4-9773-4B85-B5FA-3711F8E12AA6}.Ad-Hoc|iPhone.ActiveCfg = Release|Any CPU
		{42DBC2F4-9773-4B85-B5FA-3711F8E12AA6}.Ad-Hoc|iPhone.Build.0 = Release|Any CPU
		{42DBC2F4-9773-4B85-B5FA-3711F8E12AA6}.Ad-Hoc|iPhone.Deploy.0 = Release|Any CPU
		{42DBC2F4-9773-4B85-B5FA-3711F8E12AA6}.Ad-Hoc|iPhoneSimulator.ActiveCfg = Release|Any CPU
		{42DBC2F4-9773-4B85-B5FA-3711F8E12AA6}.Ad-Hoc|iPhoneSimulator.Build.0 = Release|Any CPU
		{42DBC2F4-9773-4B85-B5FA-3711F8E12AA6}.Ad-Hoc|iPhoneSimulator.Deploy.0 = Release|Any CPU
		{42DBC2F4-9773-4B85-B5FA-3711F8E12AA6}.Ad-Hoc|x64.ActiveCfg = Release|Any CPU
		{42DBC2F4-9773-4B85-B5FA-3711F8E12AA6}.Ad-Hoc|x64.Build.0 = Release|Any CPU
		{42DBC2F4-9773-4B85-B5FA-3711F8E12AA6}.Ad-Hoc|x64.Deploy.0 = Release|Any CPU
		{42DBC2F4-9773-4B85-B5FA-3711F8E12AA6}.Ad-Hoc|x86.ActiveCfg = Release|Any CPU
		{42DBC2F4-9773-4B85-B5FA-3711F8E12AA6}.Ad-Hoc|x86.Build.0 = Release|Any CPU
		{42DBC2F4-9773-4B85-B5FA-3711F8E12AA6}.Ad-Hoc|x86.Deploy.0 = Release|Any CPU
		{42DBC2F4-9773-4B85-B5FA-3711F8E12AA6}.AppStore|Any CPU.ActiveCfg = Release|Any CPU
		{42DBC2F4-9773-4B85-B5FA-3711F8E12AA6}.AppStore|Any CPU.Build.0 = Release|Any CPU
		{42DBC2F4-9773-4B85-B5FA-3711F8E12AA6}.AppStore|Any CPU.Deploy.0 = Release|Any CPU
		{42DBC2F4-9773-4B85-B5FA-3711F8E12AA6}.AppStore|ARM.ActiveCfg = Release|Any CPU
		{42DBC2F4-9773-4B85-B5FA-3711F8E12AA6}.AppStore|ARM.Build.0 = Release|Any CPU
		{42DBC2F4-9773-4B85-B5FA-3711F8E12AA6}.AppStore|ARM.Deploy.0 = Release|Any CPU
		{42DBC2F4-9773-4B85-B5FA-3711F8E12AA6}.AppStore|iPhone.ActiveCfg = Release|Any CPU
		{42DBC2F4-9773-4B85-B5FA-3711F8E12AA6}.AppStore|iPhone.Build.0 = Release|Any CPU
		{42DBC2F4-9773-4B85-B5FA-3711F8E12AA6}.AppStore|iPhone.Deploy.0 = Release|Any CPU
		{42DBC2F4-9773-4B85-B5FA-3711F8E12AA6}.AppStore|iPhoneSimulator.ActiveCfg = Release|Any CPU
		{42DBC2F4-9773-4B85-B5FA-3711F8E12AA6}.AppStore|iPhoneSimulator.Build.0 = Release|Any CPU
		{42DBC2F4-9773-4B85-B5FA-3711F8E12AA6}.AppStore|iPhoneSimulator.Deploy.0 = Release|Any CPU
		{42DBC2F4-9773-4B85-B5FA-3711F8E12AA6}.AppStore|x64.ActiveCfg = Release|Any CPU
		{42DBC2F4-9773-4B85-B5FA-3711F8E12AA6}.AppStore|x64.Build.0 = Release|Any CPU
		{42DBC2F4-9773-4B85-B5FA-3711F8E12AA6}.AppStore|x64.Deploy.0 = Release|Any CPU
		{42DBC2F4-9773-4B85-B5FA-3711F8E12AA6}.AppStore|x86.ActiveCfg = Release|Any CPU
		{42DBC2F4-9773-4B85-B5FA-3711F8E12AA6}.AppStore|x86.Build.0 = Release|Any CPU
		{42DBC2F4-9773-4B85-B5FA-3711F8E12AA6}.AppStore|x86.Deploy.0 = Release|Any CPU
		{42DBC2F4-9773-4B85-B5FA-3711F8E12AA6}.Debug|Any CPU.ActiveCfg = Debug|Any CPU
		{42DBC2F4-9773-4B85-B5FA-3711F8E12AA6}.Debug|Any CPU.Build.0 = Debug|Any CPU
		{42DBC2F4-9773-4B85-B5FA-3711F8E12AA6}.Debug|Any CPU.Deploy.0 = Debug|Any CPU
		{42DBC2F4-9773-4B85-B5FA-3711F8E12AA6}.Debug|ARM.ActiveCfg = Debug|Any CPU
		{42DBC2F4-9773-4B85-B5FA-3711F8E12AA6}.Debug|ARM.Build.0 = Debug|Any CPU
		{42DBC2F4-9773-4B85-B5FA-3711F8E12AA6}.Debug|ARM.Deploy.0 = Debug|Any CPU
		{42DBC2F4-9773-4B85-B5FA-3711F8E12AA6}.Debug|iPhone.ActiveCfg = Debug|Any CPU
		{42DBC2F4-9773-4B85-B5FA-3711F8E12AA6}.Debug|iPhone.Build.0 = Debug|Any CPU
		{42DBC2F4-9773-4B85-B5FA-3711F8E12AA6}.Debug|iPhone.Deploy.0 = Debug|Any CPU
		{42DBC2F4-9773-4B85-B5FA-3711F8E12AA6}.Debug|iPhoneSimulator.ActiveCfg = Debug|Any CPU
		{42DBC2F4-9773-4B85-B5FA-3711F8E12AA6}.Debug|iPhoneSimulator.Build.0 = Debug|Any CPU
		{42DBC2F4-9773-4B85-B5FA-3711F8E12AA6}.Debug|iPhoneSimulator.Deploy.0 = Debug|Any CPU
		{42DBC2F4-9773-4B85-B5FA-3711F8E12AA6}.Debug|x64.ActiveCfg = Debug|Any CPU
		{42DBC2F4-9773-4B85-B5FA-3711F8E12AA6}.Debug|x64.Build.0 = Debug|Any CPU
		{42DBC2F4-9773-4B85-B5FA-3711F8E12AA6}.Debug|x64.Deploy.0 = Debug|Any CPU
		{42DBC2F4-9773-4B85-B5FA-3711F8E12AA6}.Debug|x86.ActiveCfg = Debug|Any CPU
		{42DBC2F4-9773-4B85-B5FA-3711F8E12AA6}.Debug|x86.Build.0 = Debug|Any CPU
		{42DBC2F4-9773-4B85-B5FA-3711F8E12AA6}.Debug|x86.Deploy.0 = Debug|Any CPU
		{42DBC2F4-9773-4B85-B5FA-3711F8E12AA6}.Release|Any CPU.ActiveCfg = Release|Any CPU
		{42DBC2F4-9773-4B85-B5FA-3711F8E12AA6}.Release|Any CPU.Build.0 = Release|Any CPU
		{42DBC2F4-9773-4B85-B5FA-3711F8E12AA6}.Release|Any CPU.Deploy.0 = Release|Any CPU
		{42DBC2F4-9773-4B85-B5FA-3711F8E12AA6}.Release|ARM.ActiveCfg = Release|Any CPU
		{42DBC2F4-9773-4B85-B5FA-3711F8E12AA6}.Release|ARM.Build.0 = Release|Any CPU
		{42DBC2F4-9773-4B85-B5FA-3711F8E12AA6}.Release|ARM.Deploy.0 = Release|Any CPU
		{42DBC2F4-9773-4B85-B5FA-3711F8E12AA6}.Release|iPhone.ActiveCfg = Release|Any CPU
		{42DBC2F4-9773-4B85-B5FA-3711F8E12AA6}.Release|iPhone.Build.0 = Release|Any CPU
		{42DBC2F4-9773-4B85-B5FA-3711F8E12AA6}.Release|iPhone.Deploy.0 = Release|Any CPU
		{42DBC2F4-9773-4B85-B5FA-3711F8E12AA6}.Release|iPhoneSimulator.ActiveCfg = Release|Any CPU
		{42DBC2F4-9773-4B85-B5FA-3711F8E12AA6}.Release|iPhoneSimulator.Build.0 = Release|Any CPU
		{42DBC2F4-9773-4B85-B5FA-3711F8E12AA6}.Release|iPhoneSimulator.Deploy.0 = Release|Any CPU
		{42DBC2F4-9773-4B85-B5FA-3711F8E12AA6}.Release|x64.ActiveCfg = Release|Any CPU
		{42DBC2F4-9773-4B85-B5FA-3711F8E12AA6}.Release|x64.Build.0 = Release|Any CPU
		{42DBC2F4-9773-4B85-B5FA-3711F8E12AA6}.Release|x64.Deploy.0 = Release|Any CPU
		{42DBC2F4-9773-4B85-B5FA-3711F8E12AA6}.Release|x86.ActiveCfg = Release|Any CPU
		{42DBC2F4-9773-4B85-B5FA-3711F8E12AA6}.Release|x86.Build.0 = Release|Any CPU
		{42DBC2F4-9773-4B85-B5FA-3711F8E12AA6}.Release|x86.Deploy.0 = Release|Any CPU
		{8D94C01E-A5F6-441A-95ED-5B9890C82355}.Ad-Hoc|Any CPU.ActiveCfg = Ad-Hoc|iPhone
		{8D94C01E-A5F6-441A-95ED-5B9890C82355}.Ad-Hoc|Any CPU.Build.0 = Ad-Hoc|iPhone
		{8D94C01E-A5F6-441A-95ED-5B9890C82355}.Ad-Hoc|Any CPU.Deploy.0 = Ad-Hoc|iPhone
		{8D94C01E-A5F6-441A-95ED-5B9890C82355}.Ad-Hoc|ARM.ActiveCfg = Ad-Hoc|iPhone
		{8D94C01E-A5F6-441A-95ED-5B9890C82355}.Ad-Hoc|ARM.Build.0 = Ad-Hoc|iPhone
		{8D94C01E-A5F6-441A-95ED-5B9890C82355}.Ad-Hoc|ARM.Deploy.0 = Ad-Hoc|iPhone
		{8D94C01E-A5F6-441A-95ED-5B9890C82355}.Ad-Hoc|iPhone.ActiveCfg = Ad-Hoc|iPhone
		{8D94C01E-A5F6-441A-95ED-5B9890C82355}.Ad-Hoc|iPhone.Build.0 = Ad-Hoc|iPhone
		{8D94C01E-A5F6-441A-95ED-5B9890C82355}.Ad-Hoc|iPhone.Deploy.0 = Ad-Hoc|iPhone
		{8D94C01E-A5F6-441A-95ED-5B9890C82355}.Ad-Hoc|iPhoneSimulator.ActiveCfg = Ad-Hoc|iPhoneSimulator
		{8D94C01E-A5F6-441A-95ED-5B9890C82355}.Ad-Hoc|iPhoneSimulator.Build.0 = Ad-Hoc|iPhoneSimulator
		{8D94C01E-A5F6-441A-95ED-5B9890C82355}.Ad-Hoc|iPhoneSimulator.Deploy.0 = Ad-Hoc|iPhoneSimulator
		{8D94C01E-A5F6-441A-95ED-5B9890C82355}.Ad-Hoc|x64.ActiveCfg = Ad-Hoc|iPhone
		{8D94C01E-A5F6-441A-95ED-5B9890C82355}.Ad-Hoc|x64.Build.0 = Ad-Hoc|iPhone
		{8D94C01E-A5F6-441A-95ED-5B9890C82355}.Ad-Hoc|x64.Deploy.0 = Ad-Hoc|iPhone
		{8D94C01E-A5F6-441A-95ED-5B9890C82355}.Ad-Hoc|x86.ActiveCfg = Ad-Hoc|iPhone
		{8D94C01E-A5F6-441A-95ED-5B9890C82355}.Ad-Hoc|x86.Build.0 = Ad-Hoc|iPhone
		{8D94C01E-A5F6-441A-95ED-5B9890C82355}.Ad-Hoc|x86.Deploy.0 = Ad-Hoc|iPhone
		{8D94C01E-A5F6-441A-95ED-5B9890C82355}.AppStore|Any CPU.ActiveCfg = AppStore|iPhone
		{8D94C01E-A5F6-441A-95ED-5B9890C82355}.AppStore|Any CPU.Build.0 = AppStore|iPhone
		{8D94C01E-A5F6-441A-95ED-5B9890C82355}.AppStore|Any CPU.Deploy.0 = AppStore|iPhone
		{8D94C01E-A5F6-441A-95ED-5B9890C82355}.AppStore|ARM.ActiveCfg = AppStore|iPhone
		{8D94C01E-A5F6-441A-95ED-5B9890C82355}.AppStore|ARM.Build.0 = AppStore|iPhone
		{8D94C01E-A5F6-441A-95ED-5B9890C82355}.AppStore|ARM.Deploy.0 = AppStore|iPhone
		{8D94C01E-A5F6-441A-95ED-5B9890C82355}.AppStore|iPhone.ActiveCfg = AppStore|iPhone
		{8D94C01E-A5F6-441A-95ED-5B9890C82355}.AppStore|iPhone.Build.0 = AppStore|iPhone
		{8D94C01E-A5F6-441A-95ED-5B9890C82355}.AppStore|iPhone.Deploy.0 = AppStore|iPhone
		{8D94C01E-A5F6-441A-95ED-5B9890C82355}.AppStore|iPhoneSimulator.ActiveCfg = AppStore|iPhoneSimulator
		{8D94C01E-A5F6-441A-95ED-5B9890C82355}.AppStore|iPhoneSimulator.Build.0 = AppStore|iPhoneSimulator
		{8D94C01E-A5F6-441A-95ED-5B9890C82355}.AppStore|iPhoneSimulator.Deploy.0 = AppStore|iPhoneSimulator
		{8D94C01E-A5F6-441A-95ED-5B9890C82355}.AppStore|x64.ActiveCfg = AppStore|iPhone
		{8D94C01E-A5F6-441A-95ED-5B9890C82355}.AppStore|x64.Build.0 = AppStore|iPhone
		{8D94C01E-A5F6-441A-95ED-5B9890C82355}.AppStore|x64.Deploy.0 = AppStore|iPhone
		{8D94C01E-A5F6-441A-95ED-5B9890C82355}.AppStore|x86.ActiveCfg = AppStore|iPhone
		{8D94C01E-A5F6-441A-95ED-5B9890C82355}.AppStore|x86.Build.0 = AppStore|iPhone
		{8D94C01E-A5F6-441A-95ED-5B9890C82355}.AppStore|x86.Deploy.0 = AppStore|iPhone
		{8D94C01E-A5F6-441A-95ED-5B9890C82355}.Debug|Any CPU.ActiveCfg = Debug|iPhoneSimulator
		{8D94C01E-A5F6-441A-95ED-5B9890C82355}.Debug|Any CPU.Build.0 = Debug|iPhoneSimulator
		{8D94C01E-A5F6-441A-95ED-5B9890C82355}.Debug|Any CPU.Deploy.0 = Debug|iPhoneSimulator
		{8D94C01E-A5F6-441A-95ED-5B9890C82355}.Debug|ARM.ActiveCfg = Debug|iPhone
		{8D94C01E-A5F6-441A-95ED-5B9890C82355}.Debug|ARM.Build.0 = Debug|iPhone
		{8D94C01E-A5F6-441A-95ED-5B9890C82355}.Debug|ARM.Deploy.0 = Debug|iPhone
		{8D94C01E-A5F6-441A-95ED-5B9890C82355}.Debug|iPhone.ActiveCfg = Debug|iPhone
		{8D94C01E-A5F6-441A-95ED-5B9890C82355}.Debug|iPhone.Build.0 = Debug|iPhone
		{8D94C01E-A5F6-441A-95ED-5B9890C82355}.Debug|iPhone.Deploy.0 = Debug|iPhone
		{8D94C01E-A5F6-441A-95ED-5B9890C82355}.Debug|iPhoneSimulator.ActiveCfg = Debug|iPhoneSimulator
		{8D94C01E-A5F6-441A-95ED-5B9890C82355}.Debug|iPhoneSimulator.Build.0 = Debug|iPhoneSimulator
		{8D94C01E-A5F6-441A-95ED-5B9890C82355}.Debug|iPhoneSimulator.Deploy.0 = Debug|iPhoneSimulator
		{8D94C01E-A5F6-441A-95ED-5B9890C82355}.Debug|x64.ActiveCfg = Debug|iPhone
		{8D94C01E-A5F6-441A-95ED-5B9890C82355}.Debug|x64.Build.0 = Debug|iPhone
		{8D94C01E-A5F6-441A-95ED-5B9890C82355}.Debug|x64.Deploy.0 = Debug|iPhone
		{8D94C01E-A5F6-441A-95ED-5B9890C82355}.Debug|x86.ActiveCfg = Debug|iPhone
		{8D94C01E-A5F6-441A-95ED-5B9890C82355}.Debug|x86.Build.0 = Debug|iPhone
		{8D94C01E-A5F6-441A-95ED-5B9890C82355}.Debug|x86.Deploy.0 = Debug|iPhone
		{8D94C01E-A5F6-441A-95ED-5B9890C82355}.Release|Any CPU.ActiveCfg = Release|iPhone
		{8D94C01E-A5F6-441A-95ED-5B9890C82355}.Release|Any CPU.Build.0 = Release|iPhone
		{8D94C01E-A5F6-441A-95ED-5B9890C82355}.Release|Any CPU.Deploy.0 = Release|iPhone
		{8D94C01E-A5F6-441A-95ED-5B9890C82355}.Release|ARM.ActiveCfg = Release|iPhone
		{8D94C01E-A5F6-441A-95ED-5B9890C82355}.Release|ARM.Build.0 = Release|iPhone
		{8D94C01E-A5F6-441A-95ED-5B9890C82355}.Release|ARM.Deploy.0 = Release|iPhone
		{8D94C01E-A5F6-441A-95ED-5B9890C82355}.Release|iPhone.ActiveCfg = Release|iPhone
		{8D94C01E-A5F6-441A-95ED-5B9890C82355}.Release|iPhone.Build.0 = Release|iPhone
		{8D94C01E-A5F6-441A-95ED-5B9890C82355}.Release|iPhone.Deploy.0 = Release|iPhone
		{8D94C01E-A5F6-441A-95ED-5B9890C82355}.Release|iPhoneSimulator.ActiveCfg = Release|iPhoneSimulator
		{8D94C01E-A5F6-441A-95ED-5B9890C82355}.Release|iPhoneSimulator.Build.0 = Release|iPhoneSimulator
		{8D94C01E-A5F6-441A-95ED-5B9890C82355}.Release|iPhoneSimulator.Deploy.0 = Release|iPhoneSimulator
		{8D94C01E-A5F6-441A-95ED-5B9890C82355}.Release|x64.ActiveCfg = Release|iPhone
		{8D94C01E-A5F6-441A-95ED-5B9890C82355}.Release|x64.Build.0 = Release|iPhone
		{8D94C01E-A5F6-441A-95ED-5B9890C82355}.Release|x64.Deploy.0 = Release|iPhone
		{8D94C01E-A5F6-441A-95ED-5B9890C82355}.Release|x86.ActiveCfg = Release|iPhone
		{8D94C01E-A5F6-441A-95ED-5B9890C82355}.Release|x86.Build.0 = Release|iPhone
		{8D94C01E-A5F6-441A-95ED-5B9890C82355}.Release|x86.Deploy.0 = Release|iPhone
		{F247DAFD-36DE-4696-ACA0-40BBFC40C657}.Ad-Hoc|Any CPU.ActiveCfg = Release|x86
		{F247DAFD-36DE-4696-ACA0-40BBFC40C657}.Ad-Hoc|Any CPU.Build.0 = Release|x86
		{F247DAFD-36DE-4696-ACA0-40BBFC40C657}.Ad-Hoc|Any CPU.Deploy.0 = Release|x86
		{F247DAFD-36DE-4696-ACA0-40BBFC40C657}.Ad-Hoc|ARM.ActiveCfg = Release|ARM
		{F247DAFD-36DE-4696-ACA0-40BBFC40C657}.Ad-Hoc|ARM.Build.0 = Release|ARM
		{F247DAFD-36DE-4696-ACA0-40BBFC40C657}.Ad-Hoc|ARM.Deploy.0 = Release|ARM
		{F247DAFD-36DE-4696-ACA0-40BBFC40C657}.Ad-Hoc|iPhone.ActiveCfg = Release|x86
		{F247DAFD-36DE-4696-ACA0-40BBFC40C657}.Ad-Hoc|iPhone.Build.0 = Release|x86
		{F247DAFD-36DE-4696-ACA0-40BBFC40C657}.Ad-Hoc|iPhone.Deploy.0 = Release|x86
		{F247DAFD-36DE-4696-ACA0-40BBFC40C657}.Ad-Hoc|iPhoneSimulator.ActiveCfg = Release|x86
		{F247DAFD-36DE-4696-ACA0-40BBFC40C657}.Ad-Hoc|iPhoneSimulator.Build.0 = Release|x86
		{F247DAFD-36DE-4696-ACA0-40BBFC40C657}.Ad-Hoc|iPhoneSimulator.Deploy.0 = Release|x86
		{F247DAFD-36DE-4696-ACA0-40BBFC40C657}.Ad-Hoc|x64.ActiveCfg = Release|x64
		{F247DAFD-36DE-4696-ACA0-40BBFC40C657}.Ad-Hoc|x64.Build.0 = Release|x64
		{F247DAFD-36DE-4696-ACA0-40BBFC40C657}.Ad-Hoc|x64.Deploy.0 = Release|x64
		{F247DAFD-36DE-4696-ACA0-40BBFC40C657}.Ad-Hoc|x86.ActiveCfg = Release|x86
		{F247DAFD-36DE-4696-ACA0-40BBFC40C657}.Ad-Hoc|x86.Build.0 = Release|x86
		{F247DAFD-36DE-4696-ACA0-40BBFC40C657}.Ad-Hoc|x86.Deploy.0 = Release|x86
		{F247DAFD-36DE-4696-ACA0-40BBFC40C657}.AppStore|Any CPU.ActiveCfg = Release|x86
		{F247DAFD-36DE-4696-ACA0-40BBFC40C657}.AppStore|Any CPU.Build.0 = Release|x86
		{F247DAFD-36DE-4696-ACA0-40BBFC40C657}.AppStore|Any CPU.Deploy.0 = Release|x86
		{F247DAFD-36DE-4696-ACA0-40BBFC40C657}.AppStore|ARM.ActiveCfg = Release|ARM
		{F247DAFD-36DE-4696-ACA0-40BBFC40C657}.AppStore|ARM.Build.0 = Release|ARM
		{F247DAFD-36DE-4696-ACA0-40BBFC40C657}.AppStore|ARM.Deploy.0 = Release|ARM
		{F247DAFD-36DE-4696-ACA0-40BBFC40C657}.AppStore|iPhone.ActiveCfg = Release|x86
		{F247DAFD-36DE-4696-ACA0-40BBFC40C657}.AppStore|iPhone.Build.0 = Release|x86
		{F247DAFD-36DE-4696-ACA0-40BBFC40C657}.AppStore|iPhone.Deploy.0 = Release|x86
		{F247DAFD-36DE-4696-ACA0-40BBFC40C657}.AppStore|iPhoneSimulator.ActiveCfg = Release|x86
		{F247DAFD-36DE-4696-ACA0-40BBFC40C657}.AppStore|iPhoneSimulator.Build.0 = Release|x86
		{F247DAFD-36DE-4696-ACA0-40BBFC40C657}.AppStore|iPhoneSimulator.Deploy.0 = Release|x86
		{F247DAFD-36DE-4696-ACA0-40BBFC40C657}.AppStore|x64.ActiveCfg = Release|x64
		{F247DAFD-36DE-4696-ACA0-40BBFC40C657}.AppStore|x64.Build.0 = Release|x64
		{F247DAFD-36DE-4696-ACA0-40BBFC40C657}.AppStore|x64.Deploy.0 = Release|x64
		{F247DAFD-36DE-4696-ACA0-40BBFC40C657}.AppStore|x86.ActiveCfg = Release|x86
		{F247DAFD-36DE-4696-ACA0-40BBFC40C657}.AppStore|x86.Build.0 = Release|x86
		{F247DAFD-36DE-4696-ACA0-40BBFC40C657}.AppStore|x86.Deploy.0 = Release|x86
		{F247DAFD-36DE-4696-ACA0-40BBFC40C657}.Debug|Any CPU.ActiveCfg = Debug|x86
		{F247DAFD-36DE-4696-ACA0-40BBFC40C657}.Debug|Any CPU.Build.0 = Debug|x86
		{F247DAFD-36DE-4696-ACA0-40BBFC40C657}.Debug|Any CPU.Deploy.0 = Debug|x86
		{F247DAFD-36DE-4696-ACA0-40BBFC40C657}.Debug|ARM.ActiveCfg = Debug|ARM
		{F247DAFD-36DE-4696-ACA0-40BBFC40C657}.Debug|ARM.Build.0 = Debug|ARM
		{F247DAFD-36DE-4696-ACA0-40BBFC40C657}.Debug|ARM.Deploy.0 = Debug|ARM
		{F247DAFD-36DE-4696-ACA0-40BBFC40C657}.Debug|iPhone.ActiveCfg = Debug|x86
		{F247DAFD-36DE-4696-ACA0-40BBFC40C657}.Debug|iPhone.Build.0 = Debug|x86
		{F247DAFD-36DE-4696-ACA0-40BBFC40C657}.Debug|iPhone.Deploy.0 = Debug|x86
		{F247DAFD-36DE-4696-ACA0-40BBFC40C657}.Debug|iPhoneSimulator.ActiveCfg = Debug|x86
		{F247DAFD-36DE-4696-ACA0-40BBFC40C657}.Debug|iPhoneSimulator.Build.0 = Debug|x86
		{F247DAFD-36DE-4696-ACA0-40BBFC40C657}.Debug|iPhoneSimulator.Deploy.0 = Debug|x86
		{F247DAFD-36DE-4696-ACA0-40BBFC40C657}.Debug|x64.ActiveCfg = Debug|x64
		{F247DAFD-36DE-4696-ACA0-40BBFC40C657}.Debug|x64.Build.0 = Debug|x64
		{F247DAFD-36DE-4696-ACA0-40BBFC40C657}.Debug|x64.Deploy.0 = Debug|x64
		{F247DAFD-36DE-4696-ACA0-40BBFC40C657}.Debug|x86.ActiveCfg = Debug|x86
		{F247DAFD-36DE-4696-ACA0-40BBFC40C657}.Debug|x86.Build.0 = Debug|x86
		{F247DAFD-36DE-4696-ACA0-40BBFC40C657}.Debug|x86.Deploy.0 = Debug|x86
		{F247DAFD-36DE-4696-ACA0-40BBFC40C657}.Release|Any CPU.ActiveCfg = Release|x86
		{F247DAFD-36DE-4696-ACA0-40BBFC40C657}.Release|Any CPU.Build.0 = Release|x86
		{F247DAFD-36DE-4696-ACA0-40BBFC40C657}.Release|Any CPU.Deploy.0 = Release|x86
		{F247DAFD-36DE-4696-ACA0-40BBFC40C657}.Release|ARM.ActiveCfg = Release|ARM
		{F247DAFD-36DE-4696-ACA0-40BBFC40C657}.Release|ARM.Build.0 = Release|ARM
		{F247DAFD-36DE-4696-ACA0-40BBFC40C657}.Release|ARM.Deploy.0 = Release|ARM
		{F247DAFD-36DE-4696-ACA0-40BBFC40C657}.Release|iPhone.ActiveCfg = Release|x86
		{F247DAFD-36DE-4696-ACA0-40BBFC40C657}.Release|iPhone.Build.0 = Release|x86
		{F247DAFD-36DE-4696-ACA0-40BBFC40C657}.Release|iPhone.Deploy.0 = Release|x86
		{F247DAFD-36DE-4696-ACA0-40BBFC40C657}.Release|iPhoneSimulator.ActiveCfg = Release|x86
		{F247DAFD-36DE-4696-ACA0-40BBFC40C657}.Release|iPhoneSimulator.Build.0 = Release|x86
		{F247DAFD-36DE-4696-ACA0-40BBFC40C657}.Release|iPhoneSimulator.Deploy.0 = Release|x86
		{F247DAFD-36DE-4696-ACA0-40BBFC40C657}.Release|x64.ActiveCfg = Release|x64
		{F247DAFD-36DE-4696-ACA0-40BBFC40C657}.Release|x64.Build.0 = Release|x64
		{F247DAFD-36DE-4696-ACA0-40BBFC40C657}.Release|x64.Deploy.0 = Release|x64
		{F247DAFD-36DE-4696-ACA0-40BBFC40C657}.Release|x86.ActiveCfg = Release|x86
		{F247DAFD-36DE-4696-ACA0-40BBFC40C657}.Release|x86.Build.0 = Release|x86
		{F247DAFD-36DE-4696-ACA0-40BBFC40C657}.Release|x86.Deploy.0 = Release|x86
		{2F6942CD-115C-405E-AA98-815582345B50}.Ad-Hoc|Any CPU.ActiveCfg = Debug|Any CPU
		{2F6942CD-115C-405E-AA98-815582345B50}.Ad-Hoc|Any CPU.Build.0 = Debug|Any CPU
		{2F6942CD-115C-405E-AA98-815582345B50}.Ad-Hoc|Any CPU.Deploy.0 = Debug|Any CPU
		{2F6942CD-115C-405E-AA98-815582345B50}.Ad-Hoc|ARM.ActiveCfg = Debug|Any CPU
		{2F6942CD-115C-405E-AA98-815582345B50}.Ad-Hoc|ARM.Build.0 = Debug|Any CPU
		{2F6942CD-115C-405E-AA98-815582345B50}.Ad-Hoc|ARM.Deploy.0 = Debug|Any CPU
		{2F6942CD-115C-405E-AA98-815582345B50}.Ad-Hoc|iPhone.ActiveCfg = Debug|Any CPU
		{2F6942CD-115C-405E-AA98-815582345B50}.Ad-Hoc|iPhone.Build.0 = Debug|Any CPU
		{2F6942CD-115C-405E-AA98-815582345B50}.Ad-Hoc|iPhone.Deploy.0 = Debug|Any CPU
		{2F6942CD-115C-405E-AA98-815582345B50}.Ad-Hoc|iPhoneSimulator.ActiveCfg = Debug|Any CPU
		{2F6942CD-115C-405E-AA98-815582345B50}.Ad-Hoc|iPhoneSimulator.Build.0 = Debug|Any CPU
		{2F6942CD-115C-405E-AA98-815582345B50}.Ad-Hoc|iPhoneSimulator.Deploy.0 = Debug|Any CPU
		{2F6942CD-115C-405E-AA98-815582345B50}.Ad-Hoc|x64.ActiveCfg = Debug|Any CPU
		{2F6942CD-115C-405E-AA98-815582345B50}.Ad-Hoc|x64.Build.0 = Debug|Any CPU
		{2F6942CD-115C-405E-AA98-815582345B50}.Ad-Hoc|x64.Deploy.0 = Debug|Any CPU
		{2F6942CD-115C-405E-AA98-815582345B50}.Ad-Hoc|x86.ActiveCfg = Debug|Any CPU
		{2F6942CD-115C-405E-AA98-815582345B50}.Ad-Hoc|x86.Build.0 = Debug|Any CPU
		{2F6942CD-115C-405E-AA98-815582345B50}.Ad-Hoc|x86.Deploy.0 = Debug|Any CPU
		{2F6942CD-115C-405E-AA98-815582345B50}.AppStore|Any CPU.ActiveCfg = Debug|Any CPU
		{2F6942CD-115C-405E-AA98-815582345B50}.AppStore|Any CPU.Build.0 = Debug|Any CPU
		{2F6942CD-115C-405E-AA98-815582345B50}.AppStore|Any CPU.Deploy.0 = Debug|Any CPU
		{2F6942CD-115C-405E-AA98-815582345B50}.AppStore|ARM.ActiveCfg = Debug|Any CPU
		{2F6942CD-115C-405E-AA98-815582345B50}.AppStore|ARM.Build.0 = Debug|Any CPU
		{2F6942CD-115C-405E-AA98-815582345B50}.AppStore|ARM.Deploy.0 = Debug|Any CPU
		{2F6942CD-115C-405E-AA98-815582345B50}.AppStore|iPhone.ActiveCfg = Debug|Any CPU
		{2F6942CD-115C-405E-AA98-815582345B50}.AppStore|iPhone.Build.0 = Debug|Any CPU
		{2F6942CD-115C-405E-AA98-815582345B50}.AppStore|iPhone.Deploy.0 = Debug|Any CPU
		{2F6942CD-115C-405E-AA98-815582345B50}.AppStore|iPhoneSimulator.ActiveCfg = Debug|Any CPU
		{2F6942CD-115C-405E-AA98-815582345B50}.AppStore|iPhoneSimulator.Build.0 = Debug|Any CPU
		{2F6942CD-115C-405E-AA98-815582345B50}.AppStore|iPhoneSimulator.Deploy.0 = Debug|Any CPU
		{2F6942CD-115C-405E-AA98-815582345B50}.AppStore|x64.ActiveCfg = Debug|Any CPU
		{2F6942CD-115C-405E-AA98-815582345B50}.AppStore|x64.Build.0 = Debug|Any CPU
		{2F6942CD-115C-405E-AA98-815582345B50}.AppStore|x64.Deploy.0 = Debug|Any CPU
		{2F6942CD-115C-405E-AA98-815582345B50}.AppStore|x86.ActiveCfg = Debug|Any CPU
		{2F6942CD-115C-405E-AA98-815582345B50}.AppStore|x86.Build.0 = Debug|Any CPU
		{2F6942CD-115C-405E-AA98-815582345B50}.AppStore|x86.Deploy.0 = Debug|Any CPU
		{2F6942CD-115C-405E-AA98-815582345B50}.Debug|Any CPU.ActiveCfg = Debug|Any CPU
		{2F6942CD-115C-405E-AA98-815582345B50}.Debug|Any CPU.Build.0 = Debug|Any CPU
		{2F6942CD-115C-405E-AA98-815582345B50}.Debug|Any CPU.Deploy.0 = Debug|Any CPU
		{2F6942CD-115C-405E-AA98-815582345B50}.Debug|ARM.ActiveCfg = Debug|Any CPU
		{2F6942CD-115C-405E-AA98-815582345B50}.Debug|ARM.Build.0 = Debug|Any CPU
		{2F6942CD-115C-405E-AA98-815582345B50}.Debug|ARM.Deploy.0 = Debug|Any CPU
		{2F6942CD-115C-405E-AA98-815582345B50}.Debug|iPhone.ActiveCfg = Debug|Any CPU
		{2F6942CD-115C-405E-AA98-815582345B50}.Debug|iPhone.Build.0 = Debug|Any CPU
		{2F6942CD-115C-405E-AA98-815582345B50}.Debug|iPhone.Deploy.0 = Debug|Any CPU
		{2F6942CD-115C-405E-AA98-815582345B50}.Debug|iPhoneSimulator.ActiveCfg = Debug|Any CPU
		{2F6942CD-115C-405E-AA98-815582345B50}.Debug|iPhoneSimulator.Build.0 = Debug|Any CPU
		{2F6942CD-115C-405E-AA98-815582345B50}.Debug|iPhoneSimulator.Deploy.0 = Debug|Any CPU
		{2F6942CD-115C-405E-AA98-815582345B50}.Debug|x64.ActiveCfg = Debug|Any CPU
		{2F6942CD-115C-405E-AA98-815582345B50}.Debug|x64.Build.0 = Debug|Any CPU
		{2F6942CD-115C-405E-AA98-815582345B50}.Debug|x64.Deploy.0 = Debug|Any CPU
		{2F6942CD-115C-405E-AA98-815582345B50}.Debug|x86.ActiveCfg = Debug|Any CPU
		{2F6942CD-115C-405E-AA98-815582345B50}.Debug|x86.Build.0 = Debug|Any CPU
		{2F6942CD-115C-405E-AA98-815582345B50}.Debug|x86.Deploy.0 = Debug|Any CPU
		{2F6942CD-115C-405E-AA98-815582345B50}.Release|Any CPU.ActiveCfg = Release|Any CPU
		{2F6942CD-115C-405E-AA98-815582345B50}.Release|Any CPU.Build.0 = Release|Any CPU
		{2F6942CD-115C-405E-AA98-815582345B50}.Release|Any CPU.Deploy.0 = Release|Any CPU
		{2F6942CD-115C-405E-AA98-815582345B50}.Release|ARM.ActiveCfg = Release|Any CPU
		{2F6942CD-115C-405E-AA98-815582345B50}.Release|ARM.Build.0 = Release|Any CPU
		{2F6942CD-115C-405E-AA98-815582345B50}.Release|ARM.Deploy.0 = Release|Any CPU
		{2F6942CD-115C-405E-AA98-815582345B50}.Release|iPhone.ActiveCfg = Release|Any CPU
		{2F6942CD-115C-405E-AA98-815582345B50}.Release|iPhone.Build.0 = Release|Any CPU
		{2F6942CD-115C-405E-AA98-815582345B50}.Release|iPhone.Deploy.0 = Release|Any CPU
		{2F6942CD-115C-405E-AA98-815582345B50}.Release|iPhoneSimulator.ActiveCfg = Release|Any CPU
		{2F6942CD-115C-405E-AA98-815582345B50}.Release|iPhoneSimulator.Build.0 = Release|Any CPU
		{2F6942CD-115C-405E-AA98-815582345B50}.Release|iPhoneSimulator.Deploy.0 = Release|Any CPU
		{2F6942CD-115C-405E-AA98-815582345B50}.Release|x64.ActiveCfg = Release|Any CPU
		{2F6942CD-115C-405E-AA98-815582345B50}.Release|x64.Build.0 = Release|Any CPU
		{2F6942CD-115C-405E-AA98-815582345B50}.Release|x64.Deploy.0 = Release|Any CPU
		{2F6942CD-115C-405E-AA98-815582345B50}.Release|x86.ActiveCfg = Release|Any CPU
		{2F6942CD-115C-405E-AA98-815582345B50}.Release|x86.Build.0 = Release|Any CPU
		{2F6942CD-115C-405E-AA98-815582345B50}.Release|x86.Deploy.0 = Release|Any CPU
	EndGlobalSection
	GlobalSection(SolutionProperties) = preSolution
		HideSolutionNode = FALSE
	EndGlobalSection
	GlobalSection(ExtensibilityGlobals) = postSolution
		SolutionGuid = {57130092-8E7D-41B5-916B-85DF32CDD19C}
	EndGlobalSection
EndGlobal
